
Microsoft Visual Studio Solution File, Format Version 12.00
# Visual Studio 15
Project("{FAE04EC0-301F-11D3-BF4B-00C04F79EFBC}") = "PrototipeDrManhattan", "PrototipeDrManhattan\PrototipeDrManhattan.csproj", "{A2D55CF3-9B9D-4779-9E3B-51DFB8F45DDA}"
EndProject
Project("{2150E333-8FDC-42A3-9474-1A3956D46DE8}") = "src", "src", "{95DAD3B2-B54E-487E-9EBD-CABEF615D668}"
EndProject
Project("{2150E333-8FDC-42A3-9474-1A3956D46DE8}") = "tests", "tests", "{B7C71AEA-9F3C-4B62-A802-8E9B43635FB1}"
EndProject
Project("{2150E333-8FDC-42A3-9474-1A3956D46DE8}") = "Solution Items", "Solution Items", "{FA4D46D7-70ED-4389-9A8D-DEEF9506610F}"
	ProjectSection(SolutionItems) = preProject
		CHANGELOG.md = CHANGELOG.md
		Dockerfile = Dockerfile
		nuget.config = nuget.config
		README.md = README.md
	EndProjectSection
EndProject
Project("{FAE04EC0-301F-11D3-BF4B-00C04F79EFBC}") = "Documents.Manager.Models", "src\Documents.Manager.Models\Documents.Manager.Models.csproj", "{F236B71C-0AF6-474E-9A4C-C68C35A70B3F}"
EndProject
Project("{FAE04EC0-301F-11D3-BF4B-00C04F79EFBC}") = "Documents.Manager.Factories", "tests\Documents.Manager.Factories\Documents.Manager.Factories.csproj", "{4A019155-8AF8-48B2-9DCA-37B2F9B8C561}"
EndProject
Project("{FAE04EC0-301F-11D3-BF4B-00C04F79EFBC}") = "Documents.Manager.Models.UnitTests", "tests\Documents.Manager.Models.UnitTests\Documents.Manager.Models.UnitTests.csproj", "{84F1867D-D0C4-49B8-BEEC-81F80E1B8F91}"
EndProject
Project("{FAE04EC0-301F-11D3-BF4B-00C04F79EFBC}") = "Documents.Manager.Business", "src\Documents.Manager.Business\Documents.Manager.Business.csproj", "{39F25B3D-7E91-41AA-A00B-F4839BDFAFED}"
EndProject
Project("{FAE04EC0-301F-11D3-BF4B-00C04F79EFBC}") = "Documents.Manager.DataAccess", "src\Documents.Manager.DataAccess\Documents.Manager.DataAccess.csproj", "{B45F164D-6238-42BE-9C11-EBAC34E394D6}"
EndProject
Project("{FAE04EC0-301F-11D3-BF4B-00C04F79EFBC}") = "Documents.Manager.Service", "src\Documents.Manager.Service\Documents.Manager.Service.csproj", "{F128284D-95F8-459E-93F6-7A27F70D5A22}"
EndProject
Project("{FAE04EC0-301F-11D3-BF4B-00C04F79EFBC}") = "Resources.Manager.Business.UnitTests", "tests\Documents.Manager.Business.UnitTests\Resources.Manager.Business.UnitTests.csproj", "{445D46D0-878F-4259-843C-D6179026241F}"
EndProject
Project("{FAE04EC0-301F-11D3-BF4B-00C04F79EFBC}") = "Resources.Manager.DataAccess.UnitTests", "tests\Documents.Manager.DataAccess.UnitTests\Resources.Manager.DataAccess.UnitTests.csproj", "{E8C51754-B808-4FFA-A587-EF1D5B2EA927}"
EndProject
Project("{FAE04EC0-301F-11D3-BF4B-00C04F79EFBC}") = "Resources.Manager.IntegrationTests", "tests\DocumentsManager.IntegrationTests\Resources.Manager.IntegrationTests.csproj", "{36782440-1886-431B-863C-C0A73EF81ED6}"
EndProject
Global
	GlobalSection(SolutionConfigurationPlatforms) = preSolution
		Debug|Any CPU = Debug|Any CPU
		Release|Any CPU = Release|Any CPU
	EndGlobalSection
	GlobalSection(ProjectConfigurationPlatforms) = postSolution
		{A2D55CF3-9B9D-4779-9E3B-51DFB8F45DDA}.Debug|Any CPU.ActiveCfg = Debug|Any CPU
		{A2D55CF3-9B9D-4779-9E3B-51DFB8F45DDA}.Debug|Any CPU.Build.0 = Debug|Any CPU
		{A2D55CF3-9B9D-4779-9E3B-51DFB8F45DDA}.Release|Any CPU.ActiveCfg = Release|Any CPU
		{A2D55CF3-9B9D-4779-9E3B-51DFB8F45DDA}.Release|Any CPU.Build.0 = Release|Any CPU
		{F236B71C-0AF6-474E-9A4C-C68C35A70B3F}.Debug|Any CPU.ActiveCfg = Debug|Any CPU
		{F236B71C-0AF6-474E-9A4C-C68C35A70B3F}.Debug|Any CPU.Build.0 = Debug|Any CPU
		{F236B71C-0AF6-474E-9A4C-C68C35A70B3F}.Release|Any CPU.ActiveCfg = Release|Any CPU
		{F236B71C-0AF6-474E-9A4C-C68C35A70B3F}.Release|Any CPU.Build.0 = Release|Any CPU
		{4A019155-8AF8-48B2-9DCA-37B2F9B8C561}.Debug|Any CPU.ActiveCfg = Debug|Any CPU
		{4A019155-8AF8-48B2-9DCA-37B2F9B8C561}.Debug|Any CPU.Build.0 = Debug|Any CPU
		{4A019155-8AF8-48B2-9DCA-37B2F9B8C561}.Release|Any CPU.ActiveCfg = Release|Any CPU
		{4A019155-8AF8-48B2-9DCA-37B2F9B8C561}.Release|Any CPU.Build.0 = Release|Any CPU
		{84F1867D-D0C4-49B8-BEEC-81F80E1B8F91}.Debug|Any CPU.ActiveCfg = Debug|Any CPU
		{84F1867D-D0C4-49B8-BEEC-81F80E1B8F91}.Debug|Any CPU.Build.0 = Debug|Any CPU
		{84F1867D-D0C4-49B8-BEEC-81F80E1B8F91}.Release|Any CPU.ActiveCfg = Release|Any CPU
		{84F1867D-D0C4-49B8-BEEC-81F80E1B8F91}.Release|Any CPU.Build.0 = Release|Any CPU
		{39F25B3D-7E91-41AA-A00B-F4839BDFAFED}.Debug|Any CPU.ActiveCfg = Debug|Any CPU
		{39F25B3D-7E91-41AA-A00B-F4839BDFAFED}.Debug|Any CPU.Build.0 = Debug|Any CPU
		{39F25B3D-7E91-41AA-A00B-F4839BDFAFED}.Release|Any CPU.ActiveCfg = Release|Any CPU
		{39F25B3D-7E91-41AA-A00B-F4839BDFAFED}.Release|Any CPU.Build.0 = Release|Any CPU
		{B45F164D-6238-42BE-9C11-EBAC34E394D6}.Debug|Any CPU.ActiveCfg = Debug|Any CPU
		{B45F164D-6238-42BE-9C11-EBAC34E394D6}.Debug|Any CPU.Build.0 = Debug|Any CPU
		{B45F164D-6238-42BE-9C11-EBAC34E394D6}.Release|Any CPU.ActiveCfg = Release|Any CPU
		{B45F164D-6238-42BE-9C11-EBAC34E394D6}.Release|Any CPU.Build.0 = Release|Any CPU
		{F128284D-95F8-459E-93F6-7A27F70D5A22}.Debug|Any CPU.ActiveCfg = Debug|Any CPU
		{F128284D-95F8-459E-93F6-7A27F70D5A22}.Debug|Any CPU.Build.0 = Debug|Any CPU
		{F128284D-95F8-459E-93F6-7A27F70D5A22}.Release|Any CPU.ActiveCfg = Release|Any CPU
		{F128284D-95F8-459E-93F6-7A27F70D5A22}.Release|Any CPU.Build.0 = Release|Any CPU
		{445D46D0-878F-4259-843C-D6179026241F}.Debug|Any CPU.ActiveCfg = Debug|Any CPU
		{445D46D0-878F-4259-843C-D6179026241F}.Debug|Any CPU.Build.0 = Debug|Any CPU
		{445D46D0-878F-4259-843C-D6179026241F}.Release|Any CPU.ActiveCfg = Release|Any CPU
		{445D46D0-878F-4259-843C-D6179026241F}.Release|Any CPU.Build.0 = Release|Any CPU
		{E8C51754-B808-4FFA-A587-EF1D5B2EA927}.Debug|Any CPU.ActiveCfg = Debug|Any CPU
		{E8C51754-B808-4FFA-A587-EF1D5B2EA927}.Debug|Any CPU.Build.0 = Debug|Any CPU
		{E8C51754-B808-4FFA-A587-EF1D5B2EA927}.Release|Any CPU.ActiveCfg = Release|Any CPU
		{E8C51754-B808-4FFA-A587-EF1D5B2EA927}.Release|Any CPU.Build.0 = Release|Any CPU
		{36782440-1886-431B-863C-C0A73EF81ED6}.Debug|Any CPU.ActiveCfg = Debug|Any CPU
		{36782440-1886-431B-863C-C0A73EF81ED6}.Debug|Any CPU.Build.0 = Debug|Any CPU
		{36782440-1886-431B-863C-C0A73EF81ED6}.Release|Any CPU.ActiveCfg = Release|Any CPU
		{36782440-1886-431B-863C-C0A73EF81ED6}.Release|Any CPU.Build.0 = Release|Any CPU
	EndGlobalSection
	GlobalSection(NestedProjects) = preSolution
		{F236B71C-0AF6-474E-9A4C-C68C35A70B3F} = {95DAD3B2-B54E-487E-9EBD-CABEF615D668}
		{4A019155-8AF8-48B2-9DCA-37B2F9B8C561} = {B7C71AEA-9F3C-4B62-A802-8E9B43635FB1}
		{84F1867D-D0C4-49B8-BEEC-81F80E1B8F91} = {B7C71AEA-9F3C-4B62-A802-8E9B43635FB1}
		{39F25B3D-7E91-41AA-A00B-F4839BDFAFED} = {95DAD3B2-B54E-487E-9EBD-CABEF615D668}
		{B45F164D-6238-42BE-9C11-EBAC34E394D6} = {95DAD3B2-B54E-487E-9EBD-CABEF615D668}
		{F128284D-95F8-459E-93F6-7A27F70D5A22} = {95DAD3B2-B54E-487E-9EBD-CABEF615D668}
		{445D46D0-878F-4259-843C-D6179026241F} = {B7C71AEA-9F3C-4B62-A802-8E9B43635FB1}
		{E8C51754-B808-4FFA-A587-EF1D5B2EA927} = {B7C71AEA-9F3C-4B62-A802-8E9B43635FB1}
		{36782440-1886-431B-863C-C0A73EF81ED6} = {B7C71AEA-9F3C-4B62-A802-8E9B43635FB1}
	EndGlobalSection
EndGlobal
